
Microsoft Visual Studio Solution File, Format Version 12.00
# Visual Studio Version 17
VisualStudioVersion = 17.0.31912.275
MinimumVisualStudioVersion = 10.0.40219.1
Project("{FAE04EC0-301F-11D3-BF4B-00C04F79EFBC}") = "PruebaTecnicaIconstruye", "PruebaTecnicaIconstruye\PruebaTecnicaIconstruye.csproj", "{3846810E-CDA4-4AA4-8208-ED4ED2742E03}"
EndProject
Global
	GlobalSection(SolutionConfigurationPlatforms) = preSolution
		Debug|Any CPU = Debug|Any CPU
		Release|Any CPU = Release|Any CPU
	EndGlobalSection
	GlobalSection(ProjectConfigurationPlatforms) = postSolution
		{3846810E-CDA4-4AA4-8208-ED4ED2742E03}.Debug|Any CPU.ActiveCfg = Debug|Any CPU
		{3846810E-CDA4-4AA4-8208-ED4ED2742E03}.Debug|Any CPU.Build.0 = Debug|Any CPU
		{3846810E-CDA4-4AA4-8208-ED4ED2742E03}.Release|Any CPU.ActiveCfg = Release|Any CPU
		{3846810E-CDA4-4AA4-8208-ED4ED2742E03}.Release|Any CPU.Build.0 = Release|Any CPU
	EndGlobalSection
	GlobalSection(SolutionProperties) = preSolution
		HideSolutionNode = FALSE
	EndGlobalSection
	GlobalSection(ExtensibilityGlobals) = postSolution
		SolutionGuid = {1F3998C8-570A-4D3C-8A1A-8E492A6A669D}
	EndGlobalSection
EndGlobal
